// !$*UTF8*$!
{
	archiveVersion = 1;
	classes = {
	};
	objectVersion = 50;
	objects = {

/* Begin PBXBuildFile section */
		660DD928241D55B800BCC81B /* UIExtensions.swift in Sources */ = {isa = PBXBuildFile; fileRef = 660DD927241D55B800BCC81B /* UIExtensions.swift */; };
		660DD933241D5E6700BCC81B /* StartViewController.swift in Sources */ = {isa = PBXBuildFile; fileRef = 660DD931241D5E6700BCC81B /* StartViewController.swift */; };
		660DD934241D5E6700BCC81B /* RecordViewController.swift in Sources */ = {isa = PBXBuildFile; fileRef = 660DD932241D5E6700BCC81B /* RecordViewController.swift */; };
		660DD939241E29D300BCC81B /* GrayMaskView.swift in Sources */ = {isa = PBXBuildFile; fileRef = 660DD938241E29D300BCC81B /* GrayMaskView.swift */; };
		660DD940241E392100BCC81B /* Utilities.swift in Sources */ = {isa = PBXBuildFile; fileRef = 660DD93F241E392100BCC81B /* Utilities.swift */; };
		660DD942241E636B00BCC81B /* LocationStrings.swift in Sources */ = {isa = PBXBuildFile; fileRef = 660DD941241E636B00BCC81B /* LocationStrings.swift */; };
		660DD96E241E743600BCC81B /* InfoPlist.strings in Resources */ = {isa = PBXBuildFile; fileRef = 660DD970241E743600BCC81B /* InfoPlist.strings */; };
		660DD983241EB7F400BCC81B /* Enums.swift in Sources */ = {isa = PBXBuildFile; fileRef = 660DD982241EB7F400BCC81B /* Enums.swift */; };
		6642574E241458340093834B /* AppDelegate.swift in Sources */ = {isa = PBXBuildFile; fileRef = 6642574D241458340093834B /* AppDelegate.swift */; };
		66425750241458340093834B /* SceneDelegate.swift in Sources */ = {isa = PBXBuildFile; fileRef = 6642574F241458340093834B /* SceneDelegate.swift */; };
		66425755241458340093834B /* TabBar.storyboard in Resources */ = {isa = PBXBuildFile; fileRef = 66425753241458340093834B /* TabBar.storyboard */; };
		66425758241458340093834B /* deciBEL.xcdatamodeld in Sources */ = {isa = PBXBuildFile; fileRef = 66425756241458340093834B /* deciBEL.xcdatamodeld */; };
		6642575A241458380093834B /* Assets.xcassets in Resources */ = {isa = PBXBuildFile; fileRef = 66425759241458380093834B /* Assets.xcassets */; };
		6642575D241458380093834B /* LaunchScreen.storyboard in Resources */ = {isa = PBXBuildFile; fileRef = 6642575B241458380093834B /* LaunchScreen.storyboard */; };
		6642576B2414FA950093834B /* Default-568h@2x.png in Resources */ = {isa = PBXBuildFile; fileRef = 6642576A2414FA950093834B /* Default-568h@2x.png */; };
		66425770241502450093834B /* Localizable.strings in Resources */ = {isa = PBXBuildFile; fileRef = 66425772241502450093834B /* Localizable.strings */; };
		66425776241503150093834B /* GeneralStrings.swift in Sources */ = {isa = PBXBuildFile; fileRef = 66425775241503150093834B /* GeneralStrings.swift */; };
		6642577C241572BD0093834B /* Add.storyboard in Resources */ = {isa = PBXBuildFile; fileRef = 6642577B241572BD0093834B /* Add.storyboard */; };
		66425780241573E60093834B /* History.storyboard in Resources */ = {isa = PBXBuildFile; fileRef = 6642577F241573E60093834B /* History.storyboard */; };
		66425782241573F10093834B /* More.storyboard in Resources */ = {isa = PBXBuildFile; fileRef = 66425781241573F10093834B /* More.storyboard */; };
		66425784241576090093834B /* HistoryViewController.swift in Sources */ = {isa = PBXBuildFile; fileRef = 66425783241576090093834B /* HistoryViewController.swift */; };
		664257862415761F0093834B /* MoreViewController.swift in Sources */ = {isa = PBXBuildFile; fileRef = 664257852415761F0093834B /* MoreViewController.swift */; };
		666135B5244EF17E0060C1E1 /* IconsView.swift in Sources */ = {isa = PBXBuildFile; fileRef = 666135B4244EF17E0060C1E1 /* IconsView.swift */; };
		666135B9244EF6970060C1E1 /* LevelsView.swift in Sources */ = {isa = PBXBuildFile; fileRef = 666135B8244EF6970060C1E1 /* LevelsView.swift */; };
		6661361D24523E960060C1E1 /* TimeStrings.swift in Sources */ = {isa = PBXBuildFile; fileRef = 6661361C24523E960060C1E1 /* TimeStrings.swift */; };
		6681D394245D93E900342B25 /* SaveViewController.swift in Sources */ = {isa = PBXBuildFile; fileRef = 6681D393245D93E900342B25 /* SaveViewController.swift */; };
		6681D398245DFAEF00342B25 /* CoreDataModel.swift in Sources */ = {isa = PBXBuildFile; fileRef = 6681D397245DFAEF00342B25 /* CoreDataModel.swift */; };
		6681D39B245DFD2700342B25 /* Recording+CoreDataClass.swift in Sources */ = {isa = PBXBuildFile; fileRef = 6681D399245DFD2700342B25 /* Recording+CoreDataClass.swift */; };
		6681D39C245DFD2700342B25 /* Recording+CoreDataProperties.swift in Sources */ = {isa = PBXBuildFile; fileRef = 6681D39A245DFD2700342B25 /* Recording+CoreDataProperties.swift */; };
		6681D3A0245E15B800342B25 /* RecordingTableViewCell.swift in Sources */ = {isa = PBXBuildFile; fileRef = 6681D39F245E15B800342B25 /* RecordingTableViewCell.swift */; };
		668787DB245F3DB000D8A724 /* AboutViewController.swift in Sources */ = {isa = PBXBuildFile; fileRef = 668787DA245F3DB000D8A724 /* AboutViewController.swift */; };
		668787DD245F3DC400D8A724 /* LegalViewController.swift in Sources */ = {isa = PBXBuildFile; fileRef = 668787DC245F3DC400D8A724 /* LegalViewController.swift */; };
		66AD45FF244C5B5B00400E57 /* AudioKitManager.swift in Sources */ = {isa = PBXBuildFile; fileRef = 66AD45FE244C5B5B00400E57 /* AudioKitManager.swift */; };
		66AD4601244C6C0000400E57 /* AudioStrings.swift in Sources */ = {isa = PBXBuildFile; fileRef = 66AD4600244C6C0000400E57 /* AudioStrings.swift */; };
		66AD4603244C9CAE00400E57 /* RulerView.swift in Sources */ = {isa = PBXBuildFile; fileRef = 66AD4602244C9CAE00400E57 /* RulerView.swift */; };
		66FC16E1244CC3310086100D /* Constants.swift in Sources */ = {isa = PBXBuildFile; fileRef = 66FC16E0244CC3310086100D /* Constants.swift */; };
		66FC16E3244CD27B0086100D /* NumbersView.swift in Sources */ = {isa = PBXBuildFile; fileRef = 66FC16E2244CD27B0086100D /* NumbersView.swift */; };
		708A7D322A545496E4D5CE97 /* Pods_deciBEL.framework in Frameworks */ = {isa = PBXBuildFile; fileRef = E1318ED7D487CF60835C106C /* Pods_deciBEL.framework */; };
/* End PBXBuildFile section */

/* Begin PBXFileReference section */
		1116F81315A28C6AB8D7E95C /* Pods-deciBEL.release.xcconfig */ = {isa = PBXFileReference; includeInIndex = 1; lastKnownFileType = text.xcconfig; name = "Pods-deciBEL.release.xcconfig"; path = "Target Support Files/Pods-deciBEL/Pods-deciBEL.release.xcconfig"; sourceTree = "<group>"; };
		5A15F6DA10A141E773180C26 /* Pods-deciBEL.debug.xcconfig */ = {isa = PBXFileReference; includeInIndex = 1; lastKnownFileType = text.xcconfig; name = "Pods-deciBEL.debug.xcconfig"; path = "Target Support Files/Pods-deciBEL/Pods-deciBEL.debug.xcconfig"; sourceTree = "<group>"; };
		660DD927241D55B800BCC81B /* UIExtensions.swift */ = {isa = PBXFileReference; fileEncoding = 4; lastKnownFileType = sourcecode.swift; path = UIExtensions.swift; sourceTree = "<group>"; };
		660DD931241D5E6700BCC81B /* StartViewController.swift */ = {isa = PBXFileReference; fileEncoding = 4; lastKnownFileType = sourcecode.swift; path = StartViewController.swift; sourceTree = "<group>"; };
		660DD932241D5E6700BCC81B /* RecordViewController.swift */ = {isa = PBXFileReference; fileEncoding = 4; lastKnownFileType = sourcecode.swift; path = RecordViewController.swift; sourceTree = "<group>"; };
		660DD938241E29D300BCC81B /* GrayMaskView.swift */ = {isa = PBXFileReference; lastKnownFileType = sourcecode.swift; path = GrayMaskView.swift; sourceTree = "<group>"; };
		660DD93F241E392100BCC81B /* Utilities.swift */ = {isa = PBXFileReference; lastKnownFileType = sourcecode.swift; path = Utilities.swift; sourceTree = "<group>"; };
		660DD941241E636B00BCC81B /* LocationStrings.swift */ = {isa = PBXFileReference; lastKnownFileType = sourcecode.swift; path = LocationStrings.swift; sourceTree = "<group>"; };
		660DD971241E743900BCC81B /* en */ = {isa = PBXFileReference; lastKnownFileType = text.plist.strings; name = en; path = en.lproj/InfoPlist.strings; sourceTree = "<group>"; };
		660DD972241E744900BCC81B /* ro */ = {isa = PBXFileReference; lastKnownFileType = text.plist.strings; name = ro; path = ro.lproj/InfoPlist.strings; sourceTree = "<group>"; };
		660DD982241EB7F400BCC81B /* Enums.swift */ = {isa = PBXFileReference; lastKnownFileType = sourcecode.swift; path = Enums.swift; sourceTree = "<group>"; };
		6642574A241458340093834B /* deciBEL.app */ = {isa = PBXFileReference; explicitFileType = wrapper.application; includeInIndex = 0; path = deciBEL.app; sourceTree = BUILT_PRODUCTS_DIR; };
		6642574D241458340093834B /* AppDelegate.swift */ = {isa = PBXFileReference; lastKnownFileType = sourcecode.swift; path = AppDelegate.swift; sourceTree = "<group>"; };
		6642574F241458340093834B /* SceneDelegate.swift */ = {isa = PBXFileReference; lastKnownFileType = sourcecode.swift; path = SceneDelegate.swift; sourceTree = "<group>"; };
		66425754241458340093834B /* Base */ = {isa = PBXFileReference; lastKnownFileType = file.storyboard; name = Base; path = Base.lproj/TabBar.storyboard; sourceTree = "<group>"; };
		66425757241458340093834B /* deciBEL.xcdatamodel */ = {isa = PBXFileReference; lastKnownFileType = wrapper.xcdatamodel; path = deciBEL.xcdatamodel; sourceTree = "<group>"; };
		66425759241458380093834B /* Assets.xcassets */ = {isa = PBXFileReference; lastKnownFileType = folder.assetcatalog; path = Assets.xcassets; sourceTree = "<group>"; };
		6642576A2414FA950093834B /* Default-568h@2x.png */ = {isa = PBXFileReference; lastKnownFileType = image.png; path = "Default-568h@2x.png"; sourceTree = "<group>"; };
		66425771241502450093834B /* en */ = {isa = PBXFileReference; lastKnownFileType = text.plist.strings; name = en; path = en.lproj/Localizable.strings; sourceTree = "<group>"; };
		66425773241502500093834B /* ro */ = {isa = PBXFileReference; lastKnownFileType = text.plist.strings; name = ro; path = ro.lproj/Localizable.strings; sourceTree = "<group>"; };
		66425775241503150093834B /* GeneralStrings.swift */ = {isa = PBXFileReference; lastKnownFileType = sourcecode.swift; path = GeneralStrings.swift; sourceTree = "<group>"; };
		6642577B241572BD0093834B /* Add.storyboard */ = {isa = PBXFileReference; lastKnownFileType = file.storyboard; path = Add.storyboard; sourceTree = "<group>"; };
		6642577E241573170093834B /* Base */ = {isa = PBXFileReference; lastKnownFileType = file.storyboard; name = Base; path = Base.lproj/LaunchScreen.storyboard; sourceTree = "<group>"; };
		6642577F241573E60093834B /* History.storyboard */ = {isa = PBXFileReference; lastKnownFileType = file.storyboard; path = History.storyboard; sourceTree = "<group>"; };
		66425781241573F10093834B /* More.storyboard */ = {isa = PBXFileReference; lastKnownFileType = file.storyboard; path = More.storyboard; sourceTree = "<group>"; };
		66425783241576090093834B /* HistoryViewController.swift */ = {isa = PBXFileReference; lastKnownFileType = sourcecode.swift; path = HistoryViewController.swift; sourceTree = "<group>"; };
		664257852415761F0093834B /* MoreViewController.swift */ = {isa = PBXFileReference; lastKnownFileType = sourcecode.swift; path = MoreViewController.swift; sourceTree = "<group>"; };
		666135B4244EF17E0060C1E1 /* IconsView.swift */ = {isa = PBXFileReference; lastKnownFileType = sourcecode.swift; path = IconsView.swift; sourceTree = "<group>"; };
		666135B8244EF6970060C1E1 /* LevelsView.swift */ = {isa = PBXFileReference; lastKnownFileType = sourcecode.swift; path = LevelsView.swift; sourceTree = "<group>"; };
		6661361C24523E960060C1E1 /* TimeStrings.swift */ = {isa = PBXFileReference; lastKnownFileType = sourcecode.swift; path = TimeStrings.swift; sourceTree = "<group>"; };
		6681D393245D93E900342B25 /* SaveViewController.swift */ = {isa = PBXFileReference; lastKnownFileType = sourcecode.swift; path = SaveViewController.swift; sourceTree = "<group>"; };
		6681D397245DFAEF00342B25 /* CoreDataModel.swift */ = {isa = PBXFileReference; lastKnownFileType = sourcecode.swift; path = CoreDataModel.swift; sourceTree = "<group>"; };
		6681D399245DFD2700342B25 /* Recording+CoreDataClass.swift */ = {isa = PBXFileReference; lastKnownFileType = sourcecode.swift; path = "Recording+CoreDataClass.swift"; sourceTree = SOURCE_ROOT; };
		6681D39A245DFD2700342B25 /* Recording+CoreDataProperties.swift */ = {isa = PBXFileReference; lastKnownFileType = sourcecode.swift; path = "Recording+CoreDataProperties.swift"; sourceTree = SOURCE_ROOT; };
		6681D39F245E15B800342B25 /* RecordingTableViewCell.swift */ = {isa = PBXFileReference; lastKnownFileType = sourcecode.swift; path = RecordingTableViewCell.swift; sourceTree = "<group>"; };
		668787DA245F3DB000D8A724 /* AboutViewController.swift */ = {isa = PBXFileReference; lastKnownFileType = sourcecode.swift; path = AboutViewController.swift; sourceTree = "<group>"; };
		668787DC245F3DC400D8A724 /* LegalViewController.swift */ = {isa = PBXFileReference; lastKnownFileType = sourcecode.swift; path = LegalViewController.swift; sourceTree = "<group>"; };
		66AD45FB244C565C00400E57 /* Info.plist */ = {isa = PBXFileReference; fileEncoding = 4; lastKnownFileType = text.plist.xml; name = Info.plist; path = "deciBEL/Supporting Files/Info.plist"; sourceTree = SOURCE_ROOT; };
		66AD45FE244C5B5B00400E57 /* AudioKitManager.swift */ = {isa = PBXFileReference; lastKnownFileType = sourcecode.swift; path = AudioKitManager.swift; sourceTree = "<group>"; };
		66AD4600244C6C0000400E57 /* AudioStrings.swift */ = {isa = PBXFileReference; lastKnownFileType = sourcecode.swift; path = AudioStrings.swift; sourceTree = "<group>"; };
		66AD4602244C9CAE00400E57 /* RulerView.swift */ = {isa = PBXFileReference; lastKnownFileType = sourcecode.swift; path = RulerView.swift; sourceTree = "<group>"; };
		66FC16E0244CC3310086100D /* Constants.swift */ = {isa = PBXFileReference; lastKnownFileType = sourcecode.swift; path = Constants.swift; sourceTree = "<group>"; };
		66FC16E2244CD27B0086100D /* NumbersView.swift */ = {isa = PBXFileReference; lastKnownFileType = sourcecode.swift; path = NumbersView.swift; sourceTree = "<group>"; };
		E1318ED7D487CF60835C106C /* Pods_deciBEL.framework */ = {isa = PBXFileReference; explicitFileType = wrapper.framework; includeInIndex = 0; path = Pods_deciBEL.framework; sourceTree = BUILT_PRODUCTS_DIR; };
/* End PBXFileReference section */

/* Begin PBXFrameworksBuildPhase section */
		66425747241458340093834B /* Frameworks */ = {
			isa = PBXFrameworksBuildPhase;
			buildActionMask = 2147483647;
			files = (
				708A7D322A545496E4D5CE97 /* Pods_deciBEL.framework in Frameworks */,
			);
			runOnlyForDeploymentPostprocessing = 0;
		};
/* End PBXFrameworksBuildPhase section */

/* Begin PBXGroup section */
		136A20AE19AC4D9B6D886F0C /* Frameworks */ = {
			isa = PBXGroup;
			children = (
				E1318ED7D487CF60835C106C /* Pods_deciBEL.framework */,
			);
			name = Frameworks;
			sourceTree = "<group>";
		};
		660DD926241D545200BCC81B /* Extensions */ = {
			isa = PBXGroup;
			children = (
				660DD927241D55B800BCC81B /* UIExtensions.swift */,
			);
			path = Extensions;
			sourceTree = "<group>";
		};
		660DD92B241D5DEF00BCC81B /* Add View Controllers */ = {
			isa = PBXGroup;
			children = (
				660DD932241D5E6700BCC81B /* RecordViewController.swift */,
				6681D393245D93E900342B25 /* SaveViewController.swift */,
				660DD931241D5E6700BCC81B /* StartViewController.swift */,
			);
			path = "Add View Controllers";
			sourceTree = "<group>";
		};
		660DD92C241D5E1A00BCC81B /* History View Controllers */ = {
			isa = PBXGroup;
			children = (
				66425783241576090093834B /* HistoryViewController.swift */,
			);
			path = "History View Controllers";
			sourceTree = "<group>";
		};
		660DD92D241D5E2A00BCC81B /* More View Controllers */ = {
			isa = PBXGroup;
			children = (
				668787DA245F3DB000D8A724 /* AboutViewController.swift */,
				668787DC245F3DC400D8A724 /* LegalViewController.swift */,
				664257852415761F0093834B /* MoreViewController.swift */,
			);
			path = "More View Controllers";
			sourceTree = "<group>";
		};
		660DD937241E29AF00BCC81B /* Views */ = {
			isa = PBXGroup;
			children = (
				6681D39D245E07EF00342B25 /* History Views */,
				666135B6244EF19E0060C1E1 /* Record Views */,
				666135B7244EF1B00060C1E1 /* Start Views */,
			);
			path = Views;
			sourceTree = "<group>";
		};
		660DD93E241E390F00BCC81B /* Utilities */ = {
			isa = PBXGroup;
			children = (
				66FC16E0244CC3310086100D /* Constants.swift */,
				660DD93F241E392100BCC81B /* Utilities.swift */,
			);
			path = Utilities;
			sourceTree = "<group>";
		};
		660DD981241EB7E400BCC81B /* Enums */ = {
			isa = PBXGroup;
			children = (
				660DD982241EB7F400BCC81B /* Enums.swift */,
			);
			path = Enums;
			sourceTree = "<group>";
		};
		66425741241458330093834B = {
			isa = PBXGroup;
			children = (
				6642574C241458340093834B /* deciBEL */,
				6642574B241458340093834B /* Products */,
				858FCD8893418D4AF251A1B7 /* Pods */,
				136A20AE19AC4D9B6D886F0C /* Frameworks */,
			);
			sourceTree = "<group>";
		};
		6642574B241458340093834B /* Products */ = {
			isa = PBXGroup;
			children = (
				6642574A241458340093834B /* deciBEL.app */,
			);
			name = Products;
			sourceTree = "<group>";
		};
		6642574C241458340093834B /* deciBEL */ = {
			isa = PBXGroup;
			children = (
				664257642414585C0093834B /* Core Data */,
				664257672414FA510093834B /* Delegates */,
				660DD981241EB7E400BCC81B /* Enums */,
				660DD926241D545200BCC81B /* Extensions */,
				66AD45FD244C5B3600400E57 /* Models */,
				664257652414F9C60093834B /* Storyboards */,
				66425774241502D60093834B /* Strings */,
				664257662414FA1C0093834B /* Supporting Files */,
				6681D39E245E159A00342B25 /* Table View Cells */,
				660DD93E241E390F00BCC81B /* Utilities */,
				664257692414FA730093834B /* View Controllers */,
				660DD937241E29AF00BCC81B /* Views */,
			);
			path = deciBEL;
			sourceTree = "<group>";
		};
		664257642414585C0093834B /* Core Data */ = {
			isa = PBXGroup;
			children = (
				66425756241458340093834B /* deciBEL.xcdatamodeld */,
				6681D397245DFAEF00342B25 /* CoreDataModel.swift */,
				6681D399245DFD2700342B25 /* Recording+CoreDataClass.swift */,
				6681D39A245DFD2700342B25 /* Recording+CoreDataProperties.swift */,
			);
			path = "Core Data";
			sourceTree = "<group>";
		};
		664257652414F9C60093834B /* Storyboards */ = {
			isa = PBXGroup;
			children = (
				6642577B241572BD0093834B /* Add.storyboard */,
				6642577F241573E60093834B /* History.storyboard */,
				6642575B241458380093834B /* LaunchScreen.storyboard */,
				66425781241573F10093834B /* More.storyboard */,
				66425753241458340093834B /* TabBar.storyboard */,
			);
			path = Storyboards;
			sourceTree = "<group>";
		};
		664257662414FA1C0093834B /* Supporting Files */ = {
			isa = PBXGroup;
			children = (
				66425759241458380093834B /* Assets.xcassets */,
				6642576A2414FA950093834B /* Default-568h@2x.png */,
				66425772241502450093834B /* Localizable.strings */,
				66AD45FB244C565C00400E57 /* Info.plist */,
				660DD970241E743600BCC81B /* InfoPlist.strings */,
			);
			path = "Supporting Files";
			sourceTree = "<group>";
		};
		664257672414FA510093834B /* Delegates */ = {
			isa = PBXGroup;
			children = (
				6642574D241458340093834B /* AppDelegate.swift */,
				6642574F241458340093834B /* SceneDelegate.swift */,
			);
			path = Delegates;
			sourceTree = "<group>";
		};
		664257692414FA730093834B /* View Controllers */ = {
			isa = PBXGroup;
			children = (
				660DD92B241D5DEF00BCC81B /* Add View Controllers */,
				660DD92C241D5E1A00BCC81B /* History View Controllers */,
				660DD92D241D5E2A00BCC81B /* More View Controllers */,
			);
			path = "View Controllers";
			sourceTree = "<group>";
		};
		66425774241502D60093834B /* Strings */ = {
			isa = PBXGroup;
			children = (
				66AD4600244C6C0000400E57 /* AudioStrings.swift */,
				66425775241503150093834B /* GeneralStrings.swift */,
				660DD941241E636B00BCC81B /* LocationStrings.swift */,
				6661361C24523E960060C1E1 /* TimeStrings.swift */,
			);
			path = Strings;
			sourceTree = "<group>";
		};
		666135B6244EF19E0060C1E1 /* Record Views */ = {
			isa = PBXGroup;
			children = (
				666135B4244EF17E0060C1E1 /* IconsView.swift */,
				666135B8244EF6970060C1E1 /* LevelsView.swift */,
				66FC16E2244CD27B0086100D /* NumbersView.swift */,
				66AD4602244C9CAE00400E57 /* RulerView.swift */,
			);
			path = "Record Views";
			sourceTree = "<group>";
		};
		666135B7244EF1B00060C1E1 /* Start Views */ = {
			isa = PBXGroup;
			children = (
				660DD938241E29D300BCC81B /* GrayMaskView.swift */,
			);
			path = "Start Views";
			sourceTree = "<group>";
		};
		6681D39D245E07EF00342B25 /* History Views */ = {
			isa = PBXGroup;
			children = (
			);
			path = "History Views";
			sourceTree = "<group>";
		};
		6681D39E245E159A00342B25 /* Table View Cells */ = {
			isa = PBXGroup;
			children = (
				6681D39F245E15B800342B25 /* RecordingTableViewCell.swift */,
			);
			path = "Table View Cells";
			sourceTree = "<group>";
		};
		66AD45FD244C5B3600400E57 /* Models */ = {
			isa = PBXGroup;
			children = (
				66AD45FE244C5B5B00400E57 /* AudioKitManager.swift */,
			);
			path = Models;
			sourceTree = "<group>";
		};
		858FCD8893418D4AF251A1B7 /* Pods */ = {
			isa = PBXGroup;
			children = (
				5A15F6DA10A141E773180C26 /* Pods-deciBEL.debug.xcconfig */,
				1116F81315A28C6AB8D7E95C /* Pods-deciBEL.release.xcconfig */,
			);
			path = Pods;
			sourceTree = "<group>";
		};
/* End PBXGroup section */

/* Begin PBXNativeTarget section */
		66425749241458340093834B /* deciBEL */ = {
			isa = PBXNativeTarget;
			buildConfigurationList = 66425761241458380093834B /* Build configuration list for PBXNativeTarget "deciBEL" */;
			buildPhases = (
				C887604E36A51474FE9220AE /* [CP] Check Pods Manifest.lock */,
				66425746241458340093834B /* Sources */,
				66425747241458340093834B /* Frameworks */,
				66425748241458340093834B /* Resources */,
			);
			buildRules = (
			);
			dependencies = (
			);
			name = deciBEL;
			productName = deciBEL;
			productReference = 6642574A241458340093834B /* deciBEL.app */;
			productType = "com.apple.product-type.application";
		};
/* End PBXNativeTarget section */

/* Begin PBXProject section */
		66425742241458330093834B /* Project object */ = {
			isa = PBXProject;
			attributes = {
				LastSwiftUpdateCheck = 1130;
				LastUpgradeCheck = 1130;
				ORGANIZATIONNAME = "Stefan Olarescu";
				TargetAttributes = {
					66425749241458340093834B = {
						CreatedOnToolsVersion = 11.3.1;
					};
				};
			};
			buildConfigurationList = 66425745241458330093834B /* Build configuration list for PBXProject "deciBEL" */;
			compatibilityVersion = "Xcode 9.3";
			developmentRegion = en;
			hasScannedForEncodings = 0;
			knownRegions = (
				en,
				Base,
				ro,
			);
			mainGroup = 66425741241458330093834B;
			productRefGroup = 6642574B241458340093834B /* Products */;
			projectDirPath = "";
			projectRoot = "";
			targets = (
				66425749241458340093834B /* deciBEL */,
			);
		};
/* End PBXProject section */

/* Begin PBXResourcesBuildPhase section */
		66425748241458340093834B /* Resources */ = {
			isa = PBXResourcesBuildPhase;
			buildActionMask = 2147483647;
			files = (
				66425770241502450093834B /* Localizable.strings in Resources */,
				66425782241573F10093834B /* More.storyboard in Resources */,
				6642575D241458380093834B /* LaunchScreen.storyboard in Resources */,
				66425780241573E60093834B /* History.storyboard in Resources */,
				6642576B2414FA950093834B /* Default-568h@2x.png in Resources */,
				6642575A241458380093834B /* Assets.xcassets in Resources */,
				6642577C241572BD0093834B /* Add.storyboard in Resources */,
				660DD96E241E743600BCC81B /* InfoPlist.strings in Resources */,
				66425755241458340093834B /* TabBar.storyboard in Resources */,
			);
			runOnlyForDeploymentPostprocessing = 0;
		};
/* End PBXResourcesBuildPhase section */

/* Begin PBXShellScriptBuildPhase section */
		C887604E36A51474FE9220AE /* [CP] Check Pods Manifest.lock */ = {
			isa = PBXShellScriptBuildPhase;
			buildActionMask = 2147483647;
			files = (
			);
			inputFileListPaths = (
			);
			inputPaths = (
				"${PODS_PODFILE_DIR_PATH}/Podfile.lock",
				"${PODS_ROOT}/Manifest.lock",
			);
			name = "[CP] Check Pods Manifest.lock";
			outputFileListPaths = (
			);
			outputPaths = (
				"$(DERIVED_FILE_DIR)/Pods-deciBEL-checkManifestLockResult.txt",
			);
			runOnlyForDeploymentPostprocessing = 0;
			shellPath = /bin/sh;
			shellScript = "diff \"${PODS_PODFILE_DIR_PATH}/Podfile.lock\" \"${PODS_ROOT}/Manifest.lock\" > /dev/null\nif [ $? != 0 ] ; then\n    # print error to STDERR\n    echo \"error: The sandbox is not in sync with the Podfile.lock. Run 'pod install' or update your CocoaPods installation.\" >&2\n    exit 1\nfi\n# This output is used by Xcode 'outputs' to avoid re-running this script phase.\necho \"SUCCESS\" > \"${SCRIPT_OUTPUT_FILE_0}\"\n";
			showEnvVarsInLog = 0;
		};
/* End PBXShellScriptBuildPhase section */

/* Begin PBXSourcesBuildPhase section */
		66425746241458340093834B /* Sources */ = {
			isa = PBXSourcesBuildPhase;
			buildActionMask = 2147483647;
			files = (
				66425758241458340093834B /* deciBEL.xcdatamodeld in Sources */,
				6681D394245D93E900342B25 /* SaveViewController.swift in Sources */,
				66FC16E1244CC3310086100D /* Constants.swift in Sources */,
				668787DD245F3DC400D8A724 /* LegalViewController.swift in Sources */,
				6642574E241458340093834B /* AppDelegate.swift in Sources */,
				66425750241458340093834B /* SceneDelegate.swift in Sources */,
				660DD940241E392100BCC81B /* Utilities.swift in Sources */,
				660DD928241D55B800BCC81B /* UIExtensions.swift in Sources */,
				660DD933241D5E6700BCC81B /* StartViewController.swift in Sources */,
				66425776241503150093834B /* GeneralStrings.swift in Sources */,
				660DD934241D5E6700BCC81B /* RecordViewController.swift in Sources */,
				668787DB245F3DB000D8A724 /* AboutViewController.swift in Sources */,
				66AD4603244C9CAE00400E57 /* RulerView.swift in Sources */,
				6681D39C245DFD2700342B25 /* Recording+CoreDataProperties.swift in Sources */,
				66FC16E3244CD27B0086100D /* NumbersView.swift in Sources */,
				666135B5244EF17E0060C1E1 /* IconsView.swift in Sources */,
				664257862415761F0093834B /* MoreViewController.swift in Sources */,
				660DD942241E636B00BCC81B /* LocationStrings.swift in Sources */,
				6681D3A0245E15B800342B25 /* RecordingTableViewCell.swift in Sources */,
				66AD4601244C6C0000400E57 /* AudioStrings.swift in Sources */,
				66425784241576090093834B /* HistoryViewController.swift in Sources */,
				6681D398245DFAEF00342B25 /* CoreDataModel.swift in Sources */,
				6681D39B245DFD2700342B25 /* Recording+CoreDataClass.swift in Sources */,
				660DD983241EB7F400BCC81B /* Enums.swift in Sources */,
				66AD45FF244C5B5B00400E57 /* AudioKitManager.swift in Sources */,
				660DD939241E29D300BCC81B /* GrayMaskView.swift in Sources */,
				6661361D24523E960060C1E1 /* TimeStrings.swift in Sources */,
				666135B9244EF6970060C1E1 /* LevelsView.swift in Sources */,
			);
			runOnlyForDeploymentPostprocessing = 0;
		};
/* End PBXSourcesBuildPhase section */

/* Begin PBXVariantGroup section */
		660DD970241E743600BCC81B /* InfoPlist.strings */ = {
			isa = PBXVariantGroup;
			children = (
				660DD971241E743900BCC81B /* en */,
				660DD972241E744900BCC81B /* ro */,
			);
			name = InfoPlist.strings;
			sourceTree = "<group>";
		};
		66425753241458340093834B /* TabBar.storyboard */ = {
			isa = PBXVariantGroup;
			children = (
				66425754241458340093834B /* Base */,
			);
			name = TabBar.storyboard;
			sourceTree = "<group>";
		};
		6642575B241458380093834B /* LaunchScreen.storyboard */ = {
			isa = PBXVariantGroup;
			children = (
				6642577E241573170093834B /* Base */,
			);
			name = LaunchScreen.storyboard;
			sourceTree = "<group>";
		};
		66425772241502450093834B /* Localizable.strings */ = {
			isa = PBXVariantGroup;
			children = (
				66425771241502450093834B /* en */,
				66425773241502500093834B /* ro */,
			);
			name = Localizable.strings;
			sourceTree = "<group>";
		};
/* End PBXVariantGroup section */

/* Begin XCBuildConfiguration section */
		6642575F241458380093834B /* Debug */ = {
			isa = XCBuildConfiguration;
			buildSettings = {
				ALWAYS_SEARCH_USER_PATHS = NO;
				CLANG_ANALYZER_LOCALIZABILITY_NONLOCALIZED = YES;
				CLANG_ANALYZER_NONNULL = YES;
				CLANG_ANALYZER_NUMBER_OBJECT_CONVERSION = YES_AGGRESSIVE;
				CLANG_CXX_LANGUAGE_STANDARD = "gnu++14";
				CLANG_CXX_LIBRARY = "libc++";
				CLANG_ENABLE_MODULES = YES;
				CLANG_ENABLE_OBJC_ARC = YES;
				CLANG_ENABLE_OBJC_WEAK = YES;
				CLANG_WARN_BLOCK_CAPTURE_AUTORELEASING = YES;
				CLANG_WARN_BOOL_CONVERSION = YES;
				CLANG_WARN_COMMA = YES;
				CLANG_WARN_CONSTANT_CONVERSION = YES;
				CLANG_WARN_DEPRECATED_OBJC_IMPLEMENTATIONS = YES;
				CLANG_WARN_DIRECT_OBJC_ISA_USAGE = YES_ERROR;
				CLANG_WARN_DOCUMENTATION_COMMENTS = YES;
				CLANG_WARN_EMPTY_BODY = YES;
				CLANG_WARN_ENUM_CONVERSION = YES;
				CLANG_WARN_INFINITE_RECURSION = YES;
				CLANG_WARN_INT_CONVERSION = YES;
				CLANG_WARN_NON_LITERAL_NULL_CONVERSION = YES;
				CLANG_WARN_OBJC_IMPLICIT_RETAIN_SELF = YES;
				CLANG_WARN_OBJC_LITERAL_CONVERSION = YES;
				CLANG_WARN_OBJC_ROOT_CLASS = YES_ERROR;
				CLANG_WARN_RANGE_LOOP_ANALYSIS = YES;
				CLANG_WARN_STRICT_PROTOTYPES = YES;
				CLANG_WARN_SUSPICIOUS_MOVE = YES;
				CLANG_WARN_UNGUARDED_AVAILABILITY = YES_AGGRESSIVE;
				CLANG_WARN_UNREACHABLE_CODE = YES;
				CLANG_WARN__DUPLICATE_METHOD_MATCH = YES;
				COPY_PHASE_STRIP = NO;
				DEBUG_INFORMATION_FORMAT = dwarf;
				ENABLE_STRICT_OBJC_MSGSEND = YES;
				ENABLE_TESTABILITY = YES;
				GCC_C_LANGUAGE_STANDARD = gnu11;
				GCC_DYNAMIC_NO_PIC = NO;
				GCC_NO_COMMON_BLOCKS = YES;
				GCC_OPTIMIZATION_LEVEL = 0;
				GCC_PREPROCESSOR_DEFINITIONS = (
					"DEBUG=1",
					"$(inherited)",
				);
				GCC_WARN_64_TO_32_BIT_CONVERSION = YES;
				GCC_WARN_ABOUT_RETURN_TYPE = YES_ERROR;
				GCC_WARN_UNDECLARED_SELECTOR = YES;
				GCC_WARN_UNINITIALIZED_AUTOS = YES_AGGRESSIVE;
				GCC_WARN_UNUSED_FUNCTION = YES;
				GCC_WARN_UNUSED_VARIABLE = YES;
				IPHONEOS_DEPLOYMENT_TARGET = 13.2;
				MTL_ENABLE_DEBUG_INFO = INCLUDE_SOURCE;
				MTL_FAST_MATH = YES;
				ONLY_ACTIVE_ARCH = YES;
				SDKROOT = iphoneos;
				SWIFT_ACTIVE_COMPILATION_CONDITIONS = DEBUG;
				SWIFT_OPTIMIZATION_LEVEL = "-Onone";
			};
			name = Debug;
		};
		66425760241458380093834B /* Release */ = {
			isa = XCBuildConfiguration;
			buildSettings = {
				ALWAYS_SEARCH_USER_PATHS = NO;
				CLANG_ANALYZER_LOCALIZABILITY_NONLOCALIZED = YES;
				CLANG_ANALYZER_NONNULL = YES;
				CLANG_ANALYZER_NUMBER_OBJECT_CONVERSION = YES_AGGRESSIVE;
				CLANG_CXX_LANGUAGE_STANDARD = "gnu++14";
				CLANG_CXX_LIBRARY = "libc++";
				CLANG_ENABLE_MODULES = YES;
				CLANG_ENABLE_OBJC_ARC = YES;
				CLANG_ENABLE_OBJC_WEAK = YES;
				CLANG_WARN_BLOCK_CAPTURE_AUTORELEASING = YES;
				CLANG_WARN_BOOL_CONVERSION = YES;
				CLANG_WARN_COMMA = YES;
				CLANG_WARN_CONSTANT_CONVERSION = YES;
				CLANG_WARN_DEPRECATED_OBJC_IMPLEMENTATIONS = YES;
				CLANG_WARN_DIRECT_OBJC_ISA_USAGE = YES_ERROR;
				CLANG_WARN_DOCUMENTATION_COMMENTS = YES;
				CLANG_WARN_EMPTY_BODY = YES;
				CLANG_WARN_ENUM_CONVERSION = YES;
				CLANG_WARN_INFINITE_RECURSION = YES;
				CLANG_WARN_INT_CONVERSION = YES;
				CLANG_WARN_NON_LITERAL_NULL_CONVERSION = YES;
				CLANG_WARN_OBJC_IMPLICIT_RETAIN_SELF = YES;
				CLANG_WARN_OBJC_LITERAL_CONVERSION = YES;
				CLANG_WARN_OBJC_ROOT_CLASS = YES_ERROR;
				CLANG_WARN_RANGE_LOOP_ANALYSIS = YES;
				CLANG_WARN_STRICT_PROTOTYPES = YES;
				CLANG_WARN_SUSPICIOUS_MOVE = YES;
				CLANG_WARN_UNGUARDED_AVAILABILITY = YES_AGGRESSIVE;
				CLANG_WARN_UNREACHABLE_CODE = YES;
				CLANG_WARN__DUPLICATE_METHOD_MATCH = YES;
				COPY_PHASE_STRIP = NO;
				DEBUG_INFORMATION_FORMAT = "dwarf-with-dsym";
				ENABLE_NS_ASSERTIONS = NO;
				ENABLE_STRICT_OBJC_MSGSEND = YES;
				GCC_C_LANGUAGE_STANDARD = gnu11;
				GCC_NO_COMMON_BLOCKS = YES;
				GCC_WARN_64_TO_32_BIT_CONVERSION = YES;
				GCC_WARN_ABOUT_RETURN_TYPE = YES_ERROR;
				GCC_WARN_UNDECLARED_SELECTOR = YES;
				GCC_WARN_UNINITIALIZED_AUTOS = YES_AGGRESSIVE;
				GCC_WARN_UNUSED_FUNCTION = YES;
				GCC_WARN_UNUSED_VARIABLE = YES;
				IPHONEOS_DEPLOYMENT_TARGET = 13.2;
				MTL_ENABLE_DEBUG_INFO = NO;
				MTL_FAST_MATH = YES;
				SDKROOT = iphoneos;
				SWIFT_COMPILATION_MODE = wholemodule;
				SWIFT_OPTIMIZATION_LEVEL = "-O";
				VALIDATE_PRODUCT = YES;
			};
			name = Release;
		};
		66425762241458380093834B /* Debug */ = {
			isa = XCBuildConfiguration;
			baseConfigurationReference = 5A15F6DA10A141E773180C26 /* Pods-deciBEL.debug.xcconfig */;
			buildSettings = {
				ASSETCATALOG_COMPILER_APPICON_NAME = AppIcon;
				CODE_SIGN_IDENTITY = "Apple Development";
				CODE_SIGN_STYLE = Automatic;
				DEVELOPMENT_TEAM = XX68422M7Y;
				INFOPLIST_FILE = "deciBEL/Supporting Files/Info.plist";
				LD_RUNPATH_SEARCH_PATHS = (
					"$(inherited)",
					"@executable_path/Frameworks",
				);
				PRODUCT_BUNDLE_IDENTIFIER = com.stefanolarescu.deciBEL;
				PRODUCT_NAME = "$(TARGET_NAME)";
				PROVISIONING_PROFILE_SPECIFIER = "";
				SWIFT_VERSION = 5.0;
				TARGETED_DEVICE_FAMILY = "1,2";
			};
			name = Debug;
		};
		66425763241458380093834B /* Release */ = {
			isa = XCBuildConfiguration;
			baseConfigurationReference = 1116F81315A28C6AB8D7E95C /* Pods-deciBEL.release.xcconfig */;
			buildSettings = {
				ASSETCATALOG_COMPILER_APPICON_NAME = AppIcon;
				CODE_SIGN_IDENTITY = "Apple Development";
				CODE_SIGN_STYLE = Automatic;
				DEVELOPMENT_TEAM = XX68422M7Y;
				INFOPLIST_FILE = "deciBEL/Supporting Files/Info.plist";
				LD_RUNPATH_SEARCH_PATHS = (
					"$(inherited)",
					"@executable_path/Frameworks",
				);
				PRODUCT_BUNDLE_IDENTIFIER = com.stefanolarescu.deciBEL;
				PRODUCT_NAME = "$(TARGET_NAME)";
				PROVISIONING_PROFILE_SPECIFIER = "";
				SWIFT_VERSION = 5.0;
				TARGETED_DEVICE_FAMILY = "1,2";
			};
			name = Release;
		};
/* End XCBuildConfiguration section */

/* Begin XCConfigurationList section */
		66425745241458330093834B /* Build configuration list for PBXProject "deciBEL" */ = {
			isa = XCConfigurationList;
			buildConfigurations = (
				6642575F241458380093834B /* Debug */,
				66425760241458380093834B /* Release */,
			);
			defaultConfigurationIsVisible = 0;
			defaultConfigurationName = Release;
		};
		66425761241458380093834B /* Build configuration list for PBXNativeTarget "deciBEL" */ = {
			isa = XCConfigurationList;
			buildConfigurations = (
				66425762241458380093834B /* Debug */,
				66425763241458380093834B /* Release */,
			);
			defaultConfigurationIsVisible = 0;
			defaultConfigurationName = Release;
		};
/* End XCConfigurationList section */

/* Begin XCVersionGroup section */
		66425756241458340093834B /* deciBEL.xcdatamodeld */ = {
			isa = XCVersionGroup;
			children = (
				66425757241458340093834B /* deciBEL.xcdatamodel */,
			);
			currentVersion = 66425757241458340093834B /* deciBEL.xcdatamodel */;
			path = deciBEL.xcdatamodeld;
			sourceTree = "<group>";
			versionGroupType = wrapper.xcdatamodel;
		};
/* End XCVersionGroup section */
	};
	rootObject = 66425742241458330093834B /* Project object */;
}
